
Microsoft Visual Studio Solution File, Format Version 12.00
# Visual Studio Version 17
VisualStudioVersion = 17.0.31912.275
MinimumVisualStudioVersion = 10.0.40219.1
Project("{00D1A9C2-B5F0-4AF3-8072-F6C62B433612}") = "AnnualLeaveDatabase", "AnnualLeaveDatabase\AnnualLeaveDatabase.sqlproj", "{2B472EED-E2E4-48BA-A0E7-5C368ADDCF43}"
EndProject
Project("{9A19103F-16F7-4668-BE54-9A1E7A4F7556}") = "AnnualLeaveRequestDAL", "AnnualLeaveRequestDAL\AnnualLeaveRequestDAL.csproj", "{E6611E6C-6C36-4EFE-98D0-61B6F566F4D3}"
EndProject
Project("{9A19103F-16F7-4668-BE54-9A1E7A4F7556}") = "Shared", "Shared\Shared.csproj", "{0D7102EC-7BA0-4DC4-9404-1FDCC2EDB57B}"
EndProject
Project("{9A19103F-16F7-4668-BE54-9A1E7A4F7556}") = "AnnualLeaveRequestToolBlazorServer", "AnnualLeaveRequestToolBlazorServer\AnnualLeaveRequestToolBlazorServer.csproj", "{36E82688-05AA-4F71-8441-42208CEA1DA2}"
EndProject
Project("{9A19103F-16F7-4668-BE54-9A1E7A4F7556}") = "AnnualLeaveRequestToolMVC", "AnnualLeaveRequestToolMVC\AnnualLeaveRequestToolMVC.csproj", "{7D507151-649F-4442-A28B-F1CCE0C39863}"
EndProject
Project("{9A19103F-16F7-4668-BE54-9A1E7A4F7556}") = "AnnualLeaveRequestAPI", "AnnualLeaveRequestAPI\AnnualLeaveRequestAPI.csproj", "{300B8880-4BF8-4AF6-9420-9D7525E98497}"
EndProject
Project("{9A19103F-16F7-4668-BE54-9A1E7A4F7556}") = "AnnualLeaveRequestToolBlazorWASM", "AnnualLeaveRequestToolBlazorWASM\AnnualLeaveRequestToolBlazorWASM.csproj", "{3A9D3672-EDFD-445C-BC46-8380E047C0CE}"
EndProject
Project("{9A19103F-16F7-4668-BE54-9A1E7A4F7556}") = "AnnualLeaveRequestMinimalAPI", "AnnualLeaveRequestMinimalAPI\AnnualLeaveRequestMinimalAPI.csproj", "{CC3D4941-2C48-45BA-97DC-C1D825CD91FB}"
EndProject
Project("{9A19103F-16F7-4668-BE54-9A1E7A4F7556}") = "AnnualLeaveRequestToolRazorPages", "AnnualLeaveRequestToolRazorPages\AnnualLeaveRequestToolRazorPages.csproj", "{0AEBB4F0-2A42-4267-BB0B-6BE19B61E0A0}"
EndProject
Project("{FAE04EC0-301F-11D3-BF4B-00C04F79EFBC}") = "AnnualLeaveRequestToolWebForms", "AnnualLeaveRequestToolWebForms\AnnualLeaveRequestToolWebForms.csproj", "{9565C9B3-F72A-43E9-A9BD-FCF9BCA541A9}"
EndProject
Project("{FAE04EC0-301F-11D3-BF4B-00C04F79EFBC}") = "AnnualLeaveRequestBlazorServerAutomationUITest", "AnnualLeaveRequestBlazorServerAutomationUITest\AnnualLeaveRequestBlazorServerAutomationUITest.csproj", "{AFDD4A7E-A5AA-4915-B5B2-0D08A1510128}"
EndProject
Global
	GlobalSection(SolutionConfigurationPlatforms) = preSolution
		Debug|Any CPU = Debug|Any CPU
		Release|Any CPU = Release|Any CPU
	EndGlobalSection
	GlobalSection(ProjectConfigurationPlatforms) = postSolution
		{2B472EED-E2E4-48BA-A0E7-5C368ADDCF43}.Debug|Any CPU.ActiveCfg = Debug|Any CPU
		{2B472EED-E2E4-48BA-A0E7-5C368ADDCF43}.Debug|Any CPU.Build.0 = Debug|Any CPU
		{2B472EED-E2E4-48BA-A0E7-5C368ADDCF43}.Debug|Any CPU.Deploy.0 = Debug|Any CPU
		{2B472EED-E2E4-48BA-A0E7-5C368ADDCF43}.Release|Any CPU.ActiveCfg = Release|Any CPU
		{2B472EED-E2E4-48BA-A0E7-5C368ADDCF43}.Release|Any CPU.Build.0 = Release|Any CPU
		{2B472EED-E2E4-48BA-A0E7-5C368ADDCF43}.Release|Any CPU.Deploy.0 = Release|Any CPU
		{E6611E6C-6C36-4EFE-98D0-61B6F566F4D3}.Debug|Any CPU.ActiveCfg = Debug|Any CPU
		{E6611E6C-6C36-4EFE-98D0-61B6F566F4D3}.Debug|Any CPU.Build.0 = Debug|Any CPU
		{E6611E6C-6C36-4EFE-98D0-61B6F566F4D3}.Release|Any CPU.ActiveCfg = Release|Any CPU
		{E6611E6C-6C36-4EFE-98D0-61B6F566F4D3}.Release|Any CPU.Build.0 = Release|Any CPU
		{0D7102EC-7BA0-4DC4-9404-1FDCC2EDB57B}.Debug|Any CPU.ActiveCfg = Debug|Any CPU
		{0D7102EC-7BA0-4DC4-9404-1FDCC2EDB57B}.Debug|Any CPU.Build.0 = Debug|Any CPU
		{0D7102EC-7BA0-4DC4-9404-1FDCC2EDB57B}.Release|Any CPU.ActiveCfg = Release|Any CPU
		{0D7102EC-7BA0-4DC4-9404-1FDCC2EDB57B}.Release|Any CPU.Build.0 = Release|Any CPU
		{36E82688-05AA-4F71-8441-42208CEA1DA2}.Debug|Any CPU.ActiveCfg = Debug|Any CPU
		{36E82688-05AA-4F71-8441-42208CEA1DA2}.Debug|Any CPU.Build.0 = Debug|Any CPU
		{36E82688-05AA-4F71-8441-42208CEA1DA2}.Release|Any CPU.ActiveCfg = Release|Any CPU
		{36E82688-05AA-4F71-8441-42208CEA1DA2}.Release|Any CPU.Build.0 = Release|Any CPU
		{7D507151-649F-4442-A28B-F1CCE0C39863}.Debug|Any CPU.ActiveCfg = Debug|Any CPU
		{7D507151-649F-4442-A28B-F1CCE0C39863}.Debug|Any CPU.Build.0 = Debug|Any CPU
		{7D507151-649F-4442-A28B-F1CCE0C39863}.Release|Any CPU.ActiveCfg = Release|Any CPU
		{7D507151-649F-4442-A28B-F1CCE0C39863}.Release|Any CPU.Build.0 = Release|Any CPU
		{300B8880-4BF8-4AF6-9420-9D7525E98497}.Debug|Any CPU.ActiveCfg = Debug|Any CPU
		{300B8880-4BF8-4AF6-9420-9D7525E98497}.Debug|Any CPU.Build.0 = Debug|Any CPU
		{300B8880-4BF8-4AF6-9420-9D7525E98497}.Release|Any CPU.ActiveCfg = Release|Any CPU
		{300B8880-4BF8-4AF6-9420-9D7525E98497}.Release|Any CPU.Build.0 = Release|Any CPU
		{3A9D3672-EDFD-445C-BC46-8380E047C0CE}.Debug|Any CPU.ActiveCfg = Debug|Any CPU
		{3A9D3672-EDFD-445C-BC46-8380E047C0CE}.Debug|Any CPU.Build.0 = Debug|Any CPU
		{3A9D3672-EDFD-445C-BC46-8380E047C0CE}.Release|Any CPU.ActiveCfg = Release|Any CPU
		{3A9D3672-EDFD-445C-BC46-8380E047C0CE}.Release|Any CPU.Build.0 = Release|Any CPU
		{CC3D4941-2C48-45BA-97DC-C1D825CD91FB}.Debug|Any CPU.ActiveCfg = Debug|Any CPU
		{CC3D4941-2C48-45BA-97DC-C1D825CD91FB}.Debug|Any CPU.Build.0 = Debug|Any CPU
		{CC3D4941-2C48-45BA-97DC-C1D825CD91FB}.Release|Any CPU.ActiveCfg = Release|Any CPU
		{CC3D4941-2C48-45BA-97DC-C1D825CD91FB}.Release|Any CPU.Build.0 = Release|Any CPU
		{0AEBB4F0-2A42-4267-BB0B-6BE19B61E0A0}.Debug|Any CPU.ActiveCfg = Debug|Any CPU
		{0AEBB4F0-2A42-4267-BB0B-6BE19B61E0A0}.Debug|Any CPU.Build.0 = Debug|Any CPU
		{0AEBB4F0-2A42-4267-BB0B-6BE19B61E0A0}.Release|Any CPU.ActiveCfg = Release|Any CPU
		{0AEBB4F0-2A42-4267-BB0B-6BE19B61E0A0}.Release|Any CPU.Build.0 = Release|Any CPU
		{9565C9B3-F72A-43E9-A9BD-FCF9BCA541A9}.Debug|Any CPU.ActiveCfg = Debug|Any CPU
		{9565C9B3-F72A-43E9-A9BD-FCF9BCA541A9}.Debug|Any CPU.Build.0 = Debug|Any CPU
		{9565C9B3-F72A-43E9-A9BD-FCF9BCA541A9}.Release|Any CPU.ActiveCfg = Release|Any CPU
		{9565C9B3-F72A-43E9-A9BD-FCF9BCA541A9}.Release|Any CPU.Build.0 = Release|Any CPU
		{AFDD4A7E-A5AA-4915-B5B2-0D08A1510128}.Debug|Any CPU.ActiveCfg = Debug|Any CPU
		{AFDD4A7E-A5AA-4915-B5B2-0D08A1510128}.Debug|Any CPU.Build.0 = Debug|Any CPU
		{AFDD4A7E-A5AA-4915-B5B2-0D08A1510128}.Release|Any CPU.ActiveCfg = Release|Any CPU
		{AFDD4A7E-A5AA-4915-B5B2-0D08A1510128}.Release|Any CPU.Build.0 = Release|Any CPU
	EndGlobalSection
	GlobalSection(SolutionProperties) = preSolution
		HideSolutionNode = FALSE
	EndGlobalSection
	GlobalSection(ExtensibilityGlobals) = postSolution
		SolutionGuid = {278963F7-6E4B-4A72-ACD3-BEFCD63AEAC1}
	EndGlobalSection
EndGlobal
